
Microsoft Visual Studio Solution File, Format Version 12.00
# Visual Studio Version 17
VisualStudioVersion = 17.3.32901.215
MinimumVisualStudioVersion = 10.0.40219.1
Project("{E53339B2-1760-4266-BCC7-CA923CBCF16C}") = "docker-compose", "docker-compose.dcproj", "{8F0E90E9-98CE-48AC-8BBF-D4D84B146518}"
EndProject
Project("{9A19103F-16F7-4668-BE54-9A1E7A4F7556}") = "Catalog.API", "Services\Catalog\Catalog.API\Catalog.API.csproj", "{86AB97A8-CC94-4FC1-AF14-E17BCE616793}"
EndProject
Project("{FAE04EC0-301F-11D3-BF4B-00C04F79EFBC}") = "Cart.API", "Services\Cart\Cart.API\Cart.API.csproj", "{AB1AEFEB-E73D-4B61-96C3-0C75751CF724}"
EndProject
Global
	GlobalSection(SolutionConfigurationPlatforms) = preSolution
		Debug|Any CPU = Debug|Any CPU
		Release|Any CPU = Release|Any CPU
	EndGlobalSection
	GlobalSection(ProjectConfigurationPlatforms) = postSolution
		{8F0E90E9-98CE-48AC-8BBF-D4D84B146518}.Debug|Any CPU.ActiveCfg = Debug|Any CPU
		{8F0E90E9-98CE-48AC-8BBF-D4D84B146518}.Debug|Any CPU.Build.0 = Debug|Any CPU
		{8F0E90E9-98CE-48AC-8BBF-D4D84B146518}.Release|Any CPU.ActiveCfg = Release|Any CPU
		{8F0E90E9-98CE-48AC-8BBF-D4D84B146518}.Release|Any CPU.Build.0 = Release|Any CPU
		{86AB97A8-CC94-4FC1-AF14-E17BCE616793}.Debug|Any CPU.ActiveCfg = Debug|Any CPU
		{86AB97A8-CC94-4FC1-AF14-E17BCE616793}.Debug|Any CPU.Build.0 = Debug|Any CPU
		{86AB97A8-CC94-4FC1-AF14-E17BCE616793}.Release|Any CPU.ActiveCfg = Release|Any CPU
		{86AB97A8-CC94-4FC1-AF14-E17BCE616793}.Release|Any CPU.Build.0 = Release|Any CPU
		{AB1AEFEB-E73D-4B61-96C3-0C75751CF724}.Debug|Any CPU.ActiveCfg = Debug|Any CPU
		{AB1AEFEB-E73D-4B61-96C3-0C75751CF724}.Debug|Any CPU.Build.0 = Debug|Any CPU
		{AB1AEFEB-E73D-4B61-96C3-0C75751CF724}.Release|Any CPU.ActiveCfg = Release|Any CPU
		{AB1AEFEB-E73D-4B61-96C3-0C75751CF724}.Release|Any CPU.Build.0 = Release|Any CPU
	EndGlobalSection
	GlobalSection(SolutionProperties) = preSolution
		HideSolutionNode = FALSE
	EndGlobalSection
	GlobalSection(ExtensibilityGlobals) = postSolution
		SolutionGuid = {DFA745B0-9EF3-419A-A300-F481F72A60A7}
	EndGlobalSection
EndGlobal
